
Microsoft Visual Studio Solution File, Format Version 12.00
# Visual Studio Version 16
VisualStudioVersion = 16.0.30621.155
MinimumVisualStudioVersion = 10.0.40219.1
Project("{9A19103F-16F7-4668-BE54-9A1E7A4F7556}") = "SiteWebAssembly", "SiteWebAssembly\SiteWebAssembly.csproj", "{7F671E27-C63F-4B0E-AF9E-5E4FF6E31392}"
EndProject
Project("{FAE04EC0-301F-11D3-BF4B-00C04F79EFBC}") = "SiteWebAssembly.Api", "SiteWebAssembly.Api\SiteWebAssembly.Api.csproj", "{A5B94AA0-5854-453D-99ED-2D66A038A89C}"
EndProject
Project("{FAE04EC0-301F-11D3-BF4B-00C04F79EFBC}") = "SiteWebAssembly.Model", "SiteWebAssembly.Model\SiteWebAssembly.Model.csproj", "{55CC9AF0-2B64-4B4C-91E3-678B3F029C9F}"
EndProject
Global
	GlobalSection(SolutionConfigurationPlatforms) = preSolution
		Debug|Any CPU = Debug|Any CPU
		Release|Any CPU = Release|Any CPU
	EndGlobalSection
	GlobalSection(ProjectConfigurationPlatforms) = postSolution
		{7F671E27-C63F-4B0E-AF9E-5E4FF6E31392}.Debug|Any CPU.ActiveCfg = Debug|Any CPU
		{7F671E27-C63F-4B0E-AF9E-5E4FF6E31392}.Debug|Any CPU.Build.0 = Debug|Any CPU
		{7F671E27-C63F-4B0E-AF9E-5E4FF6E31392}.Release|Any CPU.ActiveCfg = Release|Any CPU
		{7F671E27-C63F-4B0E-AF9E-5E4FF6E31392}.Release|Any CPU.Build.0 = Release|Any CPU
		{A5B94AA0-5854-453D-99ED-2D66A038A89C}.Debug|Any CPU.ActiveCfg = Debug|Any CPU
		{A5B94AA0-5854-453D-99ED-2D66A038A89C}.Debug|Any CPU.Build.0 = Debug|Any CPU
		{A5B94AA0-5854-453D-99ED-2D66A038A89C}.Release|Any CPU.ActiveCfg = Release|Any CPU
		{A5B94AA0-5854-453D-99ED-2D66A038A89C}.Release|Any CPU.Build.0 = Release|Any CPU
		{55CC9AF0-2B64-4B4C-91E3-678B3F029C9F}.Debug|Any CPU.ActiveCfg = Debug|Any CPU
		{55CC9AF0-2B64-4B4C-91E3-678B3F029C9F}.Debug|Any CPU.Build.0 = Debug|Any CPU
		{55CC9AF0-2B64-4B4C-91E3-678B3F029C9F}.Release|Any CPU.ActiveCfg = Release|Any CPU
		{55CC9AF0-2B64-4B4C-91E3-678B3F029C9F}.Release|Any CPU.Build.0 = Release|Any CPU
	EndGlobalSection
	GlobalSection(SolutionProperties) = preSolution
		HideSolutionNode = FALSE
	EndGlobalSection
	GlobalSection(ExtensibilityGlobals) = postSolution
		SolutionGuid = {3DDB02BC-FF5E-40A6-B4CE-CE5266940EB0}
	EndGlobalSection
EndGlobal
